
Microsoft Visual Studio Solution File, Format Version 12.00
# Visual Studio 15
VisualStudioVersion = 15.0.28010.2046
MinimumVisualStudioVersion = 10.0.40219.1
Project("{FAE04EC0-301F-11D3-BF4B-00C04F79EFBC}") = "task 3 loop", "task 3 loop\task 3 loop.csproj", "{638B1296-4AD6-4629-A850-4FDCC24A7670}"
EndProject
Global
	GlobalSection(SolutionConfigurationPlatforms) = preSolution
		Debug|Any CPU = Debug|Any CPU
		Release|Any CPU = Release|Any CPU
	EndGlobalSection
	GlobalSection(ProjectConfigurationPlatforms) = postSolution
		{638B1296-4AD6-4629-A850-4FDCC24A7670}.Debug|Any CPU.ActiveCfg = Debug|Any CPU
		{638B1296-4AD6-4629-A850-4FDCC24A7670}.Debug|Any CPU.Build.0 = Debug|Any CPU
		{638B1296-4AD6-4629-A850-4FDCC24A7670}.Release|Any CPU.ActiveCfg = Release|Any CPU
		{638B1296-4AD6-4629-A850-4FDCC24A7670}.Release|Any CPU.Build.0 = Release|Any CPU
	EndGlobalSection
	GlobalSection(SolutionProperties) = preSolution
		HideSolutionNode = FALSE
	EndGlobalSection
	GlobalSection(ExtensibilityGlobals) = postSolution
		SolutionGuid = {3D697441-1FCC-4C5F-ACD4-EAB921D859CB}
	EndGlobalSection
EndGlobal
